
Microsoft Visual Studio Solution File, Format Version 12.00
# Visual Studio Version 17
VisualStudioVersion = 17.5.33516.290
MinimumVisualStudioVersion = 10.0.40219.1
Project("{FAE04EC0-301F-11D3-BF4B-00C04F79EFBC}") = "T.net", "T.net\T.net.csproj", "{C46510EA-0174-46AB-AE8C-0EA826C13987}"
EndProject
Project("{FAE04EC0-301F-11D3-BF4B-00C04F79EFBC}") = "projectT.net", "project T.net\projectT.net.csproj", "{65F12EF1-5338-49C6-82E4-C5505829BD57}"
EndProject
Project("{FAE04EC0-301F-11D3-BF4B-00C04F79EFBC}") = "ConsoleApp1", "ConsoleApp1\ConsoleApp1.csproj", "{680DA40A-513D-4C3C-8C52-F584595AC960}"
EndProject
Project("{FAE04EC0-301F-11D3-BF4B-00C04F79EFBC}") = "calculator", "calculator\calculator.csproj", "{19DCCBB0-F345-4D51-A1DE-756AE37265B7}"
EndProject
Project("{FAE04EC0-301F-11D3-BF4B-00C04F79EFBC}") = "String", "String\String.csproj", "{8EA005E1-0009-40D9-9DF0-3AAB01A3D74B}"
EndProject
Global
	GlobalSection(SolutionConfigurationPlatforms) = preSolution
		Debug|Any CPU = Debug|Any CPU
		Release|Any CPU = Release|Any CPU
	EndGlobalSection
	GlobalSection(ProjectConfigurationPlatforms) = postSolution
		{C46510EA-0174-46AB-AE8C-0EA826C13987}.Debug|Any CPU.ActiveCfg = Debug|Any CPU
		{C46510EA-0174-46AB-AE8C-0EA826C13987}.Debug|Any CPU.Build.0 = Debug|Any CPU
		{C46510EA-0174-46AB-AE8C-0EA826C13987}.Release|Any CPU.ActiveCfg = Release|Any CPU
		{C46510EA-0174-46AB-AE8C-0EA826C13987}.Release|Any CPU.Build.0 = Release|Any CPU
		{65F12EF1-5338-49C6-82E4-C5505829BD57}.Debug|Any CPU.ActiveCfg = Debug|Any CPU
		{65F12EF1-5338-49C6-82E4-C5505829BD57}.Debug|Any CPU.Build.0 = Debug|Any CPU
		{65F12EF1-5338-49C6-82E4-C5505829BD57}.Release|Any CPU.ActiveCfg = Release|Any CPU
		{65F12EF1-5338-49C6-82E4-C5505829BD57}.Release|Any CPU.Build.0 = Release|Any CPU
		{680DA40A-513D-4C3C-8C52-F584595AC960}.Debug|Any CPU.ActiveCfg = Debug|Any CPU
		{680DA40A-513D-4C3C-8C52-F584595AC960}.Debug|Any CPU.Build.0 = Debug|Any CPU
		{680DA40A-513D-4C3C-8C52-F584595AC960}.Release|Any CPU.ActiveCfg = Release|Any CPU
		{680DA40A-513D-4C3C-8C52-F584595AC960}.Release|Any CPU.Build.0 = Release|Any CPU
		{19DCCBB0-F345-4D51-A1DE-756AE37265B7}.Debug|Any CPU.ActiveCfg = Debug|Any CPU
		{19DCCBB0-F345-4D51-A1DE-756AE37265B7}.Debug|Any CPU.Build.0 = Debug|Any CPU
		{19DCCBB0-F345-4D51-A1DE-756AE37265B7}.Release|Any CPU.ActiveCfg = Release|Any CPU
		{19DCCBB0-F345-4D51-A1DE-756AE37265B7}.Release|Any CPU.Build.0 = Release|Any CPU
		{8EA005E1-0009-40D9-9DF0-3AAB01A3D74B}.Debug|Any CPU.ActiveCfg = Debug|Any CPU
		{8EA005E1-0009-40D9-9DF0-3AAB01A3D74B}.Debug|Any CPU.Build.0 = Debug|Any CPU
		{8EA005E1-0009-40D9-9DF0-3AAB01A3D74B}.Release|Any CPU.ActiveCfg = Release|Any CPU
		{8EA005E1-0009-40D9-9DF0-3AAB01A3D74B}.Release|Any CPU.Build.0 = Release|Any CPU
	EndGlobalSection
	GlobalSection(SolutionProperties) = preSolution
		HideSolutionNode = FALSE
	EndGlobalSection
	GlobalSection(ExtensibilityGlobals) = postSolution
		SolutionGuid = {D815D905-BAAA-4CCF-B06F-7DB2A56E9D86}
	EndGlobalSection
EndGlobal
